
Microsoft Visual Studio Solution File, Format Version 12.00
# Visual Studio Version 17
VisualStudioVersion = 17.3.32825.248
MinimumVisualStudioVersion = 10.0.40219.1
Project("{9A19103F-16F7-4668-BE54-9A1E7A4F7556}") = "CapaPresentacion", "CapaInterfaz\CapaPresentacion.csproj", "{AEA49FAC-37DC-42B6-A907-A53D6BC0FFE0}"
EndProject
Project("{9A19103F-16F7-4668-BE54-9A1E7A4F7556}") = "CapaNegocio", "CapaNegocio\CapaNegocio.csproj", "{08FD3E86-22BF-424C-9DC3-865E7AAE7F6F}"
EndProject
Project("{9A19103F-16F7-4668-BE54-9A1E7A4F7556}") = "CapaDatos", "CapaDatos\CapaDatos.csproj", "{35501D58-5810-439D-AFCD-C8A6859988F8}"
EndProject
Project("{FAE04EC0-301F-11D3-BF4B-00C04F79EFBC}") = "CapaNegocioTest", "CapaNegocioTest\CapaNegocioTest.csproj", "{8D3F7513-02A4-46C3-BAEE-A14C868C1423}"
EndProject
Global
	GlobalSection(SolutionConfigurationPlatforms) = preSolution
		Debug|Any CPU = Debug|Any CPU
		Release|Any CPU = Release|Any CPU
	EndGlobalSection
	GlobalSection(ProjectConfigurationPlatforms) = postSolution
		{AEA49FAC-37DC-42B6-A907-A53D6BC0FFE0}.Debug|Any CPU.ActiveCfg = Debug|Any CPU
		{AEA49FAC-37DC-42B6-A907-A53D6BC0FFE0}.Debug|Any CPU.Build.0 = Debug|Any CPU
		{AEA49FAC-37DC-42B6-A907-A53D6BC0FFE0}.Release|Any CPU.ActiveCfg = Release|Any CPU
		{AEA49FAC-37DC-42B6-A907-A53D6BC0FFE0}.Release|Any CPU.Build.0 = Release|Any CPU
		{08FD3E86-22BF-424C-9DC3-865E7AAE7F6F}.Debug|Any CPU.ActiveCfg = Debug|Any CPU
		{08FD3E86-22BF-424C-9DC3-865E7AAE7F6F}.Debug|Any CPU.Build.0 = Debug|Any CPU
		{08FD3E86-22BF-424C-9DC3-865E7AAE7F6F}.Release|Any CPU.ActiveCfg = Release|Any CPU
		{08FD3E86-22BF-424C-9DC3-865E7AAE7F6F}.Release|Any CPU.Build.0 = Release|Any CPU
		{35501D58-5810-439D-AFCD-C8A6859988F8}.Debug|Any CPU.ActiveCfg = Debug|Any CPU
		{35501D58-5810-439D-AFCD-C8A6859988F8}.Debug|Any CPU.Build.0 = Debug|Any CPU
		{35501D58-5810-439D-AFCD-C8A6859988F8}.Release|Any CPU.ActiveCfg = Release|Any CPU
		{35501D58-5810-439D-AFCD-C8A6859988F8}.Release|Any CPU.Build.0 = Release|Any CPU
		{8D3F7513-02A4-46C3-BAEE-A14C868C1423}.Debug|Any CPU.ActiveCfg = Debug|Any CPU
		{8D3F7513-02A4-46C3-BAEE-A14C868C1423}.Debug|Any CPU.Build.0 = Debug|Any CPU
		{8D3F7513-02A4-46C3-BAEE-A14C868C1423}.Release|Any CPU.ActiveCfg = Release|Any CPU
		{8D3F7513-02A4-46C3-BAEE-A14C868C1423}.Release|Any CPU.Build.0 = Release|Any CPU
	EndGlobalSection
	GlobalSection(SolutionProperties) = preSolution
		HideSolutionNode = FALSE
	EndGlobalSection
	GlobalSection(ExtensibilityGlobals) = postSolution
		SolutionGuid = {FB40BDC7-BC36-455B-B862-1572605095DC}
	EndGlobalSection
EndGlobal
