
Microsoft Visual Studio Solution File, Format Version 12.00
# Visual Studio Version 17
VisualStudioVersion = 17.3.32825.248
MinimumVisualStudioVersion = 10.0.40219.1
Project("{9A19103F-16F7-4668-BE54-9A1E7A4F7556}") = "CapaPresentacion", "CapaPresentacion\CapaPresentacion.csproj", "{0A918405-F714-4D59-98B2-E6E8D3C9FE6D}"
EndProject
Project("{9A19103F-16F7-4668-BE54-9A1E7A4F7556}") = "CapaNegocio", "CapaNegocio\CapaNegocio.csproj", "{3E169A40-4F01-4E35-9DA2-85DF613B140C}"
EndProject
Project("{9A19103F-16F7-4668-BE54-9A1E7A4F7556}") = "CapaAccesoDB", "CapaAccesoDB\CapaAccesoDB.csproj", "{F9173E4D-5425-4732-AFB0-251B44CD31F6}"
EndProject
Global
	GlobalSection(SolutionConfigurationPlatforms) = preSolution
		Debug|Any CPU = Debug|Any CPU
		Release|Any CPU = Release|Any CPU
	EndGlobalSection
	GlobalSection(ProjectConfigurationPlatforms) = postSolution
		{0A918405-F714-4D59-98B2-E6E8D3C9FE6D}.Debug|Any CPU.ActiveCfg = Debug|Any CPU
		{0A918405-F714-4D59-98B2-E6E8D3C9FE6D}.Debug|Any CPU.Build.0 = Debug|Any CPU
		{0A918405-F714-4D59-98B2-E6E8D3C9FE6D}.Release|Any CPU.ActiveCfg = Release|Any CPU
		{0A918405-F714-4D59-98B2-E6E8D3C9FE6D}.Release|Any CPU.Build.0 = Release|Any CPU
		{3E169A40-4F01-4E35-9DA2-85DF613B140C}.Debug|Any CPU.ActiveCfg = Debug|Any CPU
		{3E169A40-4F01-4E35-9DA2-85DF613B140C}.Debug|Any CPU.Build.0 = Debug|Any CPU
		{3E169A40-4F01-4E35-9DA2-85DF613B140C}.Release|Any CPU.ActiveCfg = Release|Any CPU
		{3E169A40-4F01-4E35-9DA2-85DF613B140C}.Release|Any CPU.Build.0 = Release|Any CPU
		{F9173E4D-5425-4732-AFB0-251B44CD31F6}.Debug|Any CPU.ActiveCfg = Debug|Any CPU
		{F9173E4D-5425-4732-AFB0-251B44CD31F6}.Debug|Any CPU.Build.0 = Debug|Any CPU
		{F9173E4D-5425-4732-AFB0-251B44CD31F6}.Release|Any CPU.ActiveCfg = Release|Any CPU
		{F9173E4D-5425-4732-AFB0-251B44CD31F6}.Release|Any CPU.Build.0 = Release|Any CPU
	EndGlobalSection
	GlobalSection(SolutionProperties) = preSolution
		HideSolutionNode = FALSE
	EndGlobalSection
	GlobalSection(ExtensibilityGlobals) = postSolution
		SolutionGuid = {B3F6373D-9894-4E63-AB42-F261E7141C2E}
	EndGlobalSection
EndGlobal
